// !$*UTF8*$!
{
	archiveVersion = 1;
	classes = {
	};
	objectVersion = 46;
	objects = {

/* Begin PBXBuildFile section */
		9A36D25A1AC1911600E5DCC1 /* json.swift in Sources */ = {isa = PBXBuildFile; fileRef = 9A36D2591AC1911600E5DCC1 /* json.swift */; };
		9A36D25C1AC1915D00E5DCC1 /* JsonParserManager.swift in Sources */ = {isa = PBXBuildFile; fileRef = 9A36D25B1AC1915D00E5DCC1 /* JsonParserManager.swift */; };
		9A4209201ADD44A8007BD6CD /* SettingViewController.swift in Sources */ = {isa = PBXBuildFile; fileRef = 9A42091F1ADD44A8007BD6CD /* SettingViewController.swift */; };
		9A4209231ADD4566007BD6CD /* SettingCell.swift in Sources */ = {isa = PBXBuildFile; fileRef = 9A4209211ADD4566007BD6CD /* SettingCell.swift */; };
		9A4209241ADD4566007BD6CD /* SettingCell.xib in Resources */ = {isa = PBXBuildFile; fileRef = 9A4209221ADD4566007BD6CD /* SettingCell.xib */; };
		9A4209261ADD4CBB007BD6CD /* SettingViewController.xib in Resources */ = {isa = PBXBuildFile; fileRef = 9A4209251ADD4CBB007BD6CD /* SettingViewController.xib */; };
		9A5B90F71AC64DA300916614 /* ArticleViewController.swift in Sources */ = {isa = PBXBuildFile; fileRef = 9A5B90F51AC64DA300916614 /* ArticleViewController.swift */; };
		9A5B90F81AC64DA300916614 /* ArticleViewController.xib in Resources */ = {isa = PBXBuildFile; fileRef = 9A5B90F61AC64DA300916614 /* ArticleViewController.xib */; };
		9A5B90FC1AC6A51200916614 /* WebViewBottomMenu.xib in Resources */ = {isa = PBXBuildFile; fileRef = 9A5B90FB1AC6A51200916614 /* WebViewBottomMenu.xib */; };
		9A5B90FE1AC6A52B00916614 /* WebViewBottomMenu.swift in Sources */ = {isa = PBXBuildFile; fileRef = 9A5B90FD1AC6A52B00916614 /* WebViewBottomMenu.swift */; };
		9A5B91011AC7A22A00916614 /* HexColor.swift in Sources */ = {isa = PBXBuildFile; fileRef = 9A5B91001AC7A22A00916614 /* HexColor.swift */; };
		9A5B91041AC7CD0300916614 /* script.js in Resources */ = {isa = PBXBuildFile; fileRef = 9A5B91031AC7CD0300916614 /* script.js */; };
		9A947C3F1A50D2D100E33966 /* WebViewController.swift in Sources */ = {isa = PBXBuildFile; fileRef = 9A947C3D1A50D2D100E33966 /* WebViewController.swift */; };
		9A947C401A50D2D100E33966 /* WebViewController.xib in Resources */ = {isa = PBXBuildFile; fileRef = 9A947C3E1A50D2D100E33966 /* WebViewController.xib */; };
		9A9B59AC1ACBFA8A0023F8C9 /* URL.swift in Sources */ = {isa = PBXBuildFile; fileRef = 9A9B59AB1ACBFA8A0023F8C9 /* URL.swift */; };
		9A9B59B01ACC06550023F8C9 /* CFNetwork.framework in Frameworks */ = {isa = PBXBuildFile; fileRef = 9A9B59AF1ACC06550023F8C9 /* CFNetwork.framework */; };
		9A9B59B41ACC066F0023F8C9 /* libz.dylib in Frameworks */ = {isa = PBXBuildFile; fileRef = 9A9B59B31ACC066F0023F8C9 /* libz.dylib */; };
		9A9B59B61ACC067D0023F8C9 /* MobileCoreServices.framework in Frameworks */ = {isa = PBXBuildFile; fileRef = 9A9B59B51ACC067D0023F8C9 /* MobileCoreServices.framework */; };
		9A9B59B81ACC06890023F8C9 /* QuartzCore.framework in Frameworks */ = {isa = PBXBuildFile; fileRef = 9A9B59B71ACC06890023F8C9 /* QuartzCore.framework */; };
		9A9B59BA1ACC06AB0023F8C9 /* Security.framework in Frameworks */ = {isa = PBXBuildFile; fileRef = 9A9B59B91ACC06AB0023F8C9 /* Security.framework */; };
		9A9B59BE1ACC06C20023F8C9 /* SystemConfiguration.framework in Frameworks */ = {isa = PBXBuildFile; fileRef = 9A9B59BD1ACC06C20023F8C9 /* SystemConfiguration.framework */; };
		9A9DF0C81A4FA315008749D5 /* AppDelegate.swift in Sources */ = {isa = PBXBuildFile; fileRef = 9A9DF0C71A4FA315008749D5 /* AppDelegate.swift */; };
		9A9DF0CA1A4FA315008749D5 /* ViewController.swift in Sources */ = {isa = PBXBuildFile; fileRef = 9A9DF0C91A4FA315008749D5 /* ViewController.swift */; };
		9A9DF0CD1A4FA315008749D5 /* Main.storyboard in Resources */ = {isa = PBXBuildFile; fileRef = 9A9DF0CB1A4FA315008749D5 /* Main.storyboard */; };
		9A9DF0CF1A4FA315008749D5 /* Images.xcassets in Resources */ = {isa = PBXBuildFile; fileRef = 9A9DF0CE1A4FA315008749D5 /* Images.xcassets */; };
		9A9DF0D21A4FA315008749D5 /* LaunchScreen.xib in Resources */ = {isa = PBXBuildFile; fileRef = 9A9DF0D01A4FA315008749D5 /* LaunchScreen.xib */; };
		9A9DF0DE1A4FA315008749D5 /* BlogReaderTests.swift in Sources */ = {isa = PBXBuildFile; fileRef = 9A9DF0DD1A4FA315008749D5 /* BlogReaderTests.swift */; };
		9A9DF0E91A4FC527008749D5 /* Entry.swift in Sources */ = {isa = PBXBuildFile; fileRef = 9A9DF0E81A4FC527008749D5 /* Entry.swift */; };
		9A9DF0EC1A4FDF99008749D5 /* Cell.swift in Sources */ = {isa = PBXBuildFile; fileRef = 9A9DF0EA1A4FDF99008749D5 /* Cell.swift */; };
		9A9DF0ED1A4FDF99008749D5 /* Cell.xib in Resources */ = {isa = PBXBuildFile; fileRef = 9A9DF0EB1A4FDF99008749D5 /* Cell.xib */; };
		9AD11F6A1AC2E8E500481308 /* CAPSPageMenu.swift in Sources */ = {isa = PBXBuildFile; fileRef = 9AD11F691AC2E8E500481308 /* CAPSPageMenu.swift */; };
		9AF29B3A1AE52D0B00E5BB0B /* siteName.swift in Sources */ = {isa = PBXBuildFile; fileRef = 9AF29B391AE52D0B00E5BB0B /* siteName.swift */; };
		DE8822338284FB541C8A425E /* Pods.framework in Frameworks */ = {isa = PBXBuildFile; fileRef = C80671B2A890EC158C19E9DB /* Pods.framework */; settings = {ATTRIBUTES = (Weak, ); }; };
/* End PBXBuildFile section */

/* Begin PBXContainerItemProxy section */
		9A9DF0D81A4FA315008749D5 /* PBXContainerItemProxy */ = {
			isa = PBXContainerItemProxy;
			containerPortal = 9A9DF0BA1A4FA315008749D5 /* Project object */;
			proxyType = 1;
			remoteGlobalIDString = 9A9DF0C11A4FA315008749D5;
			remoteInfo = BlogReader;
		};
/* End PBXContainerItemProxy section */

/* Begin PBXFileReference section */
		21A0CB1ECF9CB652CC79E093 /* Pods.release.xcconfig */ = {isa = PBXFileReference; includeInIndex = 1; lastKnownFileType = text.xcconfig; name = Pods.release.xcconfig; path = "Pods/Target Support Files/Pods/Pods.release.xcconfig"; sourceTree = "<group>"; };
		9A36D2591AC1911600E5DCC1 /* json.swift */ = {isa = PBXFileReference; fileEncoding = 4; lastKnownFileType = sourcecode.swift; path = json.swift; sourceTree = "<group>"; };
		9A36D25B1AC1915D00E5DCC1 /* JsonParserManager.swift */ = {isa = PBXFileReference; fileEncoding = 4; lastKnownFileType = sourcecode.swift; path = JsonParserManager.swift; sourceTree = "<group>"; };
		9A42091F1ADD44A8007BD6CD /* SettingViewController.swift */ = {isa = PBXFileReference; fileEncoding = 4; lastKnownFileType = sourcecode.swift; path = SettingViewController.swift; sourceTree = "<group>"; };
		9A4209211ADD4566007BD6CD /* SettingCell.swift */ = {isa = PBXFileReference; fileEncoding = 4; lastKnownFileType = sourcecode.swift; path = SettingCell.swift; sourceTree = "<group>"; };
		9A4209221ADD4566007BD6CD /* SettingCell.xib */ = {isa = PBXFileReference; fileEncoding = 4; lastKnownFileType = file.xib; path = SettingCell.xib; sourceTree = "<group>"; };
		9A4209251ADD4CBB007BD6CD /* SettingViewController.xib */ = {isa = PBXFileReference; fileEncoding = 4; lastKnownFileType = file.xib; path = SettingViewController.xib; sourceTree = "<group>"; };
		9A5B90F51AC64DA300916614 /* ArticleViewController.swift */ = {isa = PBXFileReference; fileEncoding = 4; lastKnownFileType = sourcecode.swift; path = ArticleViewController.swift; sourceTree = "<group>"; };
		9A5B90F61AC64DA300916614 /* ArticleViewController.xib */ = {isa = PBXFileReference; fileEncoding = 4; lastKnownFileType = file.xib; path = ArticleViewController.xib; sourceTree = "<group>"; };
		9A5B90FB1AC6A51200916614 /* WebViewBottomMenu.xib */ = {isa = PBXFileReference; fileEncoding = 4; lastKnownFileType = file.xib; path = WebViewBottomMenu.xib; sourceTree = "<group>"; };
		9A5B90FD1AC6A52B00916614 /* WebViewBottomMenu.swift */ = {isa = PBXFileReference; fileEncoding = 4; lastKnownFileType = sourcecode.swift; path = WebViewBottomMenu.swift; sourceTree = "<group>"; };
		9A5B91001AC7A22A00916614 /* HexColor.swift */ = {isa = PBXFileReference; fileEncoding = 4; lastKnownFileType = sourcecode.swift; path = HexColor.swift; sourceTree = "<group>"; };
		9A5B91031AC7CD0300916614 /* script.js */ = {isa = PBXFileReference; fileEncoding = 4; lastKnownFileType = sourcecode.javascript; path = script.js; sourceTree = "<group>"; };
		9A947C3D1A50D2D100E33966 /* WebViewController.swift */ = {isa = PBXFileReference; fileEncoding = 4; lastKnownFileType = sourcecode.swift; path = WebViewController.swift; sourceTree = "<group>"; };
		9A947C3E1A50D2D100E33966 /* WebViewController.xib */ = {isa = PBXFileReference; fileEncoding = 4; lastKnownFileType = file.xib; path = WebViewController.xib; sourceTree = "<group>"; };
		9A9B59AB1ACBFA8A0023F8C9 /* URL.swift */ = {isa = PBXFileReference; fileEncoding = 4; lastKnownFileType = sourcecode.swift; path = URL.swift; sourceTree = "<group>"; };
		9A9B59AD1ACC06490023F8C9 /* AudioToolbox.framework */ = {isa = PBXFileReference; lastKnownFileType = wrapper.framework; name = AudioToolbox.framework; path = System/Library/Frameworks/AudioToolbox.framework; sourceTree = SDKROOT; };
		9A9B59AF1ACC06550023F8C9 /* CFNetwork.framework */ = {isa = PBXFileReference; lastKnownFileType = wrapper.framework; name = CFNetwork.framework; path = System/Library/Frameworks/CFNetwork.framework; sourceTree = SDKROOT; };
		9A9B59B11ACC06600023F8C9 /* CoreGraphics.framework */ = {isa = PBXFileReference; lastKnownFileType = wrapper.framework; name = CoreGraphics.framework; path = System/Library/Frameworks/CoreGraphics.framework; sourceTree = SDKROOT; };
		9A9B59B31ACC066F0023F8C9 /* libz.dylib */ = {isa = PBXFileReference; lastKnownFileType = "compiled.mach-o.dylib"; name = libz.dylib; path = usr/lib/libz.dylib; sourceTree = SDKROOT; };
		9A9B59B51ACC067D0023F8C9 /* MobileCoreServices.framework */ = {isa = PBXFileReference; lastKnownFileType = wrapper.framework; name = MobileCoreServices.framework; path = System/Library/Frameworks/MobileCoreServices.framework; sourceTree = SDKROOT; };
		9A9B59B71ACC06890023F8C9 /* QuartzCore.framework */ = {isa = PBXFileReference; lastKnownFileType = wrapper.framework; name = QuartzCore.framework; path = System/Library/Frameworks/QuartzCore.framework; sourceTree = SDKROOT; };
		9A9B59B91ACC06AB0023F8C9 /* Security.framework */ = {isa = PBXFileReference; lastKnownFileType = wrapper.framework; name = Security.framework; path = System/Library/Frameworks/Security.framework; sourceTree = SDKROOT; };
		9A9B59BB1ACC06B40023F8C9 /* StoreKit.framework */ = {isa = PBXFileReference; lastKnownFileType = wrapper.framework; name = StoreKit.framework; path = System/Library/Frameworks/StoreKit.framework; sourceTree = SDKROOT; };
		9A9B59BD1ACC06C20023F8C9 /* SystemConfiguration.framework */ = {isa = PBXFileReference; lastKnownFileType = wrapper.framework; name = SystemConfiguration.framework; path = System/Library/Frameworks/SystemConfiguration.framework; sourceTree = SDKROOT; };
		9A9DF0C21A4FA315008749D5 /* BlogReader.app */ = {isa = PBXFileReference; explicitFileType = wrapper.application; includeInIndex = 0; path = BlogReader.app; sourceTree = BUILT_PRODUCTS_DIR; };
		9A9DF0C61A4FA315008749D5 /* Info.plist */ = {isa = PBXFileReference; lastKnownFileType = text.plist.xml; path = Info.plist; sourceTree = "<group>"; };
		9A9DF0C71A4FA315008749D5 /* AppDelegate.swift */ = {isa = PBXFileReference; lastKnownFileType = sourcecode.swift; path = AppDelegate.swift; sourceTree = "<group>"; };
		9A9DF0C91A4FA315008749D5 /* ViewController.swift */ = {isa = PBXFileReference; lastKnownFileType = sourcecode.swift; path = ViewController.swift; sourceTree = "<group>"; };
		9A9DF0CC1A4FA315008749D5 /* Base */ = {isa = PBXFileReference; lastKnownFileType = file.storyboard; name = Base; path = Base.lproj/Main.storyboard; sourceTree = "<group>"; };
		9A9DF0CE1A4FA315008749D5 /* Images.xcassets */ = {isa = PBXFileReference; lastKnownFileType = folder.assetcatalog; path = Images.xcassets; sourceTree = "<group>"; };
		9A9DF0D11A4FA315008749D5 /* Base */ = {isa = PBXFileReference; lastKnownFileType = file.xib; name = Base; path = Base.lproj/LaunchScreen.xib; sourceTree = "<group>"; };
		9A9DF0D71A4FA315008749D5 /* BlogReaderTests.xctest */ = {isa = PBXFileReference; explicitFileType = wrapper.cfbundle; includeInIndex = 0; path = BlogReaderTests.xctest; sourceTree = BUILT_PRODUCTS_DIR; };
		9A9DF0DC1A4FA315008749D5 /* Info.plist */ = {isa = PBXFileReference; lastKnownFileType = text.plist.xml; path = Info.plist; sourceTree = "<group>"; };
		9A9DF0DD1A4FA315008749D5 /* BlogReaderTests.swift */ = {isa = PBXFileReference; lastKnownFileType = sourcecode.swift; path = BlogReaderTests.swift; sourceTree = "<group>"; };
		9A9DF0E71A4FA5BC008749D5 /* BlogReader-Bridging-Header.h */ = {isa = PBXFileReference; lastKnownFileType = sourcecode.c.h; path = "BlogReader-Bridging-Header.h"; sourceTree = "<group>"; };
		9A9DF0E81A4FC527008749D5 /* Entry.swift */ = {isa = PBXFileReference; fileEncoding = 4; lastKnownFileType = sourcecode.swift; path = Entry.swift; sourceTree = "<group>"; };
		9A9DF0EA1A4FDF99008749D5 /* Cell.swift */ = {isa = PBXFileReference; fileEncoding = 4; lastKnownFileType = sourcecode.swift; path = Cell.swift; sourceTree = "<group>"; };
		9A9DF0EB1A4FDF99008749D5 /* Cell.xib */ = {isa = PBXFileReference; fileEncoding = 4; lastKnownFileType = file.xib; path = Cell.xib; sourceTree = "<group>"; };
		9AB161B51AF5C256001B3B15 /* AdSupport.framework */ = {isa = PBXFileReference; lastKnownFileType = wrapper.framework; name = AdSupport.framework; path = System/Library/Frameworks/AdSupport.framework; sourceTree = SDKROOT; };
		9AB161B71AF5C269001B3B15 /* AVFoundation.framework */ = {isa = PBXFileReference; lastKnownFileType = wrapper.framework; name = AVFoundation.framework; path = System/Library/Frameworks/AVFoundation.framework; sourceTree = SDKROOT; };
		9AB161B91AF5C286001B3B15 /* CoreTelephony.framework */ = {isa = PBXFileReference; lastKnownFileType = wrapper.framework; name = CoreTelephony.framework; path = System/Library/Frameworks/CoreTelephony.framework; sourceTree = SDKROOT; };
		9AB161BB1AF5C290001B3B15 /* EventKit.framework */ = {isa = PBXFileReference; lastKnownFileType = wrapper.framework; name = EventKit.framework; path = System/Library/Frameworks/EventKit.framework; sourceTree = SDKROOT; };
		9AB161BD1AF5C298001B3B15 /* EventKitUI.framework */ = {isa = PBXFileReference; lastKnownFileType = wrapper.framework; name = EventKitUI.framework; path = System/Library/Frameworks/EventKitUI.framework; sourceTree = SDKROOT; };
		9AB161BF1AF5C2A2001B3B15 /* MessageUI.framework */ = {isa = PBXFileReference; lastKnownFileType = wrapper.framework; name = MessageUI.framework; path = System/Library/Frameworks/MessageUI.framework; sourceTree = SDKROOT; };
		9AD11F691AC2E8E500481308 /* CAPSPageMenu.swift */ = {isa = PBXFileReference; fileEncoding = 4; lastKnownFileType = sourcecode.swift; path = CAPSPageMenu.swift; sourceTree = "<group>"; };
		9AF29B391AE52D0B00E5BB0B /* siteName.swift */ = {isa = PBXFileReference; fileEncoding = 4; lastKnownFileType = sourcecode.swift; path = siteName.swift; sourceTree = "<group>"; };
		A8F3251B7566C6A323550142 /* Pods.debug.xcconfig */ = {isa = PBXFileReference; includeInIndex = 1; lastKnownFileType = text.xcconfig; name = Pods.debug.xcconfig; path = "Pods/Target Support Files/Pods/Pods.debug.xcconfig"; sourceTree = "<group>"; };
		C80671B2A890EC158C19E9DB /* Pods.framework */ = {isa = PBXFileReference; explicitFileType = wrapper.framework; includeInIndex = 0; path = Pods.framework; sourceTree = BUILT_PRODUCTS_DIR; };
/* End PBXFileReference section */

/* Begin PBXFrameworksBuildPhase section */
		9A9DF0BF1A4FA315008749D5 /* Frameworks */ = {
			isa = PBXFrameworksBuildPhase;
			buildActionMask = 2147483647;
			files = (
				9A9B59BE1ACC06C20023F8C9 /* SystemConfiguration.framework in Frameworks */,
				9A9B59BA1ACC06AB0023F8C9 /* Security.framework in Frameworks */,
				9A9B59B81ACC06890023F8C9 /* QuartzCore.framework in Frameworks */,
				9A9B59B61ACC067D0023F8C9 /* MobileCoreServices.framework in Frameworks */,
				9A9B59B41ACC066F0023F8C9 /* libz.dylib in Frameworks */,
				9A9B59B01ACC06550023F8C9 /* CFNetwork.framework in Frameworks */,
				DE8822338284FB541C8A425E /* Pods.framework in Frameworks */,
			);
			runOnlyForDeploymentPostprocessing = 0;
		};
		9A9DF0D41A4FA315008749D5 /* Frameworks */ = {
			isa = PBXFrameworksBuildPhase;
			buildActionMask = 2147483647;
			files = (
			);
			runOnlyForDeploymentPostprocessing = 0;
		};
/* End PBXFrameworksBuildPhase section */

/* Begin PBXGroup section */
		7420A9FB6DE3533C00B4B1AF /* Frameworks */ = {
			isa = PBXGroup;
			children = (
				9AB161BF1AF5C2A2001B3B15 /* MessageUI.framework */,
				9AB161BD1AF5C298001B3B15 /* EventKitUI.framework */,
				9AB161BB1AF5C290001B3B15 /* EventKit.framework */,
				9AB161B91AF5C286001B3B15 /* CoreTelephony.framework */,
				9AB161B71AF5C269001B3B15 /* AVFoundation.framework */,
				9AB161B51AF5C256001B3B15 /* AdSupport.framework */,
				9A9B59BD1ACC06C20023F8C9 /* SystemConfiguration.framework */,
				9A9B59BB1ACC06B40023F8C9 /* StoreKit.framework */,
				9A9B59B91ACC06AB0023F8C9 /* Security.framework */,
				9A9B59B71ACC06890023F8C9 /* QuartzCore.framework */,
				9A9B59B51ACC067D0023F8C9 /* MobileCoreServices.framework */,
				9A9B59B31ACC066F0023F8C9 /* libz.dylib */,
				9A9B59B11ACC06600023F8C9 /* CoreGraphics.framework */,
				9A9B59AF1ACC06550023F8C9 /* CFNetwork.framework */,
				9A9B59AD1ACC06490023F8C9 /* AudioToolbox.framework */,
				C80671B2A890EC158C19E9DB /* Pods.framework */,
			);
			name = Frameworks;
			sourceTree = "<group>";
		};
		9A5B90F11AC642EA00916614 /* Controller */ = {
			isa = PBXGroup;
			children = (
				9A5B90F51AC64DA300916614 /* ArticleViewController.swift */,
				9A5B90F61AC64DA300916614 /* ArticleViewController.xib */,
				9A42091F1ADD44A8007BD6CD /* SettingViewController.swift */,
				9A4209251ADD4CBB007BD6CD /* SettingViewController.xib */,
				9A947C3D1A50D2D100E33966 /* WebViewController.swift */,
				9A947C3E1A50D2D100E33966 /* WebViewController.xib */,
				9A5B90FD1AC6A52B00916614 /* WebViewBottomMenu.swift */,
				9A5B90FB1AC6A51200916614 /* WebViewBottomMenu.xib */,
				9A9DF0C91A4FA315008749D5 /* ViewController.swift */,
			);
			name = Controller;
			sourceTree = "<group>";
		};
		9A5B90F21AC6430700916614 /* Model */ = {
			isa = PBXGroup;
			children = (
				9A9DF0E81A4FC527008749D5 /* Entry.swift */,
			);
			name = Model;
			sourceTree = "<group>";
		};
		9A5B90F31AC6432000916614 /* Parser */ = {
			isa = PBXGroup;
			children = (
				9A36D25B1AC1915D00E5DCC1 /* JsonParserManager.swift */,
			);
			name = Parser;
			sourceTree = "<group>";
		};
		9A5B90F41AC6434600916614 /* View */ = {
			isa = PBXGroup;
			children = (
				9A9DF0EA1A4FDF99008749D5 /* Cell.swift */,
				9A9DF0EB1A4FDF99008749D5 /* Cell.xib */,
				9A4209211ADD4566007BD6CD /* SettingCell.swift */,
				9A4209221ADD4566007BD6CD /* SettingCell.xib */,
			);
			name = View;
			sourceTree = "<group>";
		};
		9A5B90FF1AC7A18D00916614 /* Config */ = {
			isa = PBXGroup;
			children = (
				9A5B91001AC7A22A00916614 /* HexColor.swift */,
				9A9B59AB1ACBFA8A0023F8C9 /* URL.swift */,
				9AF29B391AE52D0B00E5BB0B /* siteName.swift */,
			);
			name = Config;
			sourceTree = "<group>";
		};
		9A5B91021AC7CCC700916614 /* Web */ = {
			isa = PBXGroup;
			children = (
				9A5B91031AC7CD0300916614 /* script.js */,
			);
			name = Web;
			sourceTree = "<group>";
		};
		9A9DF0B91A4FA315008749D5 = {
			isa = PBXGroup;
			children = (
				9A9DF0C41A4FA315008749D5 /* BlogReader */,
				9A9DF0DA1A4FA315008749D5 /* BlogReaderTests */,
				9A9DF0C31A4FA315008749D5 /* Products */,
				FBF2B1C5D4F506DB296B8A90 /* Pods */,
				7420A9FB6DE3533C00B4B1AF /* Frameworks */,
			);
			sourceTree = "<group>";
		};
		9A9DF0C31A4FA315008749D5 /* Products */ = {
			isa = PBXGroup;
			children = (
				9A9DF0C21A4FA315008749D5 /* BlogReader.app */,
				9A9DF0D71A4FA315008749D5 /* BlogReaderTests.xctest */,
			);
			name = Products;
			sourceTree = "<group>";
		};
		9A9DF0C41A4FA315008749D5 /* BlogReader */ = {
			isa = PBXGroup;
			children = (
				9A9DF0C71A4FA315008749D5 /* AppDelegate.swift */,
				9A5B91021AC7CCC700916614 /* Web */,
				9A5B90FF1AC7A18D00916614 /* Config */,
				9A5B90F11AC642EA00916614 /* Controller */,
				9A5B90F21AC6430700916614 /* Model */,
				9A5B90F31AC6432000916614 /* Parser */,
				9A9DF0CB1A4FA315008749D5 /* Main.storyboard */,
				9A9DF0CE1A4FA315008749D5 /* Images.xcassets */,
				9A9DF0D01A4FA315008749D5 /* LaunchScreen.xib */,
				9A9DF0E71A4FA5BC008749D5 /* BlogReader-Bridging-Header.h */,
				9A5B90F41AC6434600916614 /* View */,
				9AD11F691AC2E8E500481308 /* CAPSPageMenu.swift */,
				9A36D2591AC1911600E5DCC1 /* json.swift */,
				9A9DF0C51A4FA315008749D5 /* Supporting Files */,
			);
			path = BlogReader;
			sourceTree = "<group>";
		};
		9A9DF0C51A4FA315008749D5 /* Supporting Files */ = {
			isa = PBXGroup;
			children = (
				9A9DF0C61A4FA315008749D5 /* Info.plist */,
			);
			name = "Supporting Files";
			sourceTree = "<group>";
		};
		9A9DF0DA1A4FA315008749D5 /* BlogReaderTests */ = {
			isa = PBXGroup;
			children = (
				9A9DF0DD1A4FA315008749D5 /* BlogReaderTests.swift */,
				9A9DF0DB1A4FA315008749D5 /* Supporting Files */,
			);
			path = BlogReaderTests;
			sourceTree = "<group>";
		};
		9A9DF0DB1A4FA315008749D5 /* Supporting Files */ = {
			isa = PBXGroup;
			children = (
				9A9DF0DC1A4FA315008749D5 /* Info.plist */,
			);
			name = "Supporting Files";
			sourceTree = "<group>";
		};
		FBF2B1C5D4F506DB296B8A90 /* Pods */ = {
			isa = PBXGroup;
			children = (
				A8F3251B7566C6A323550142 /* Pods.debug.xcconfig */,
				21A0CB1ECF9CB652CC79E093 /* Pods.release.xcconfig */,
			);
			name = Pods;
			sourceTree = "<group>";
		};
/* End PBXGroup section */

/* Begin PBXNativeTarget section */
		9A9DF0C11A4FA315008749D5 /* BlogReader */ = {
			isa = PBXNativeTarget;
			buildConfigurationList = 9A9DF0E11A4FA315008749D5 /* Build configuration list for PBXNativeTarget "BlogReader" */;
			buildPhases = (
				A72DB2509BB7AAF75EF49482 /* Check Pods Manifest.lock */,
				9A9DF0BE1A4FA315008749D5 /* Sources */,
				9A9DF0BF1A4FA315008749D5 /* Frameworks */,
				9A9DF0C01A4FA315008749D5 /* Resources */,
				FC0F3C6B841B2B543BC44394 /* Copy Pods Resources */,
				3E70E49AEE77A92896412648 /* Embed Pods Frameworks */,
			);
			buildRules = (
			);
			dependencies = (
			);
			name = BlogReader;
			productName = BlogReader;
			productReference = 9A9DF0C21A4FA315008749D5 /* BlogReader.app */;
			productType = "com.apple.product-type.application";
		};
		9A9DF0D61A4FA315008749D5 /* BlogReaderTests */ = {
			isa = PBXNativeTarget;
			buildConfigurationList = 9A9DF0E41A4FA315008749D5 /* Build configuration list for PBXNativeTarget "BlogReaderTests" */;
			buildPhases = (
				9A9DF0D31A4FA315008749D5 /* Sources */,
				9A9DF0D41A4FA315008749D5 /* Frameworks */,
				9A9DF0D51A4FA315008749D5 /* Resources */,
			);
			buildRules = (
			);
			dependencies = (
				9A9DF0D91A4FA315008749D5 /* PBXTargetDependency */,
			);
			name = BlogReaderTests;
			productName = BlogReaderTests;
			productReference = 9A9DF0D71A4FA315008749D5 /* BlogReaderTests.xctest */;
			productType = "com.apple.product-type.bundle.unit-test";
		};
/* End PBXNativeTarget section */

/* Begin PBXProject section */
		9A9DF0BA1A4FA315008749D5 /* Project object */ = {
			isa = PBXProject;
			attributes = {
				LastSwiftMigration = 0700;
				LastSwiftUpdateCheck = 0700;
				LastUpgradeCheck = 0700;
				ORGANIZATIONNAME = naoyashiga;
				TargetAttributes = {
					9A9DF0C11A4FA315008749D5 = {
						CreatedOnToolsVersion = 6.1.1;
					};
					9A9DF0D61A4FA315008749D5 = {
						CreatedOnToolsVersion = 6.1.1;
						TestTargetID = 9A9DF0C11A4FA315008749D5;
					};
				};
			};
			buildConfigurationList = 9A9DF0BD1A4FA315008749D5 /* Build configuration list for PBXProject "BlogReader" */;
			compatibilityVersion = "Xcode 3.2";
			developmentRegion = English;
			hasScannedForEncodings = 0;
			knownRegions = (
				en,
				Base,
			);
			mainGroup = 9A9DF0B91A4FA315008749D5;
			productRefGroup = 9A9DF0C31A4FA315008749D5 /* Products */;
			projectDirPath = "";
			projectRoot = "";
			targets = (
				9A9DF0C11A4FA315008749D5 /* BlogReader */,
				9A9DF0D61A4FA315008749D5 /* BlogReaderTests */,
			);
		};
/* End PBXProject section */

/* Begin PBXResourcesBuildPhase section */
		9A9DF0C01A4FA315008749D5 /* Resources */ = {
			isa = PBXResourcesBuildPhase;
			buildActionMask = 2147483647;
			files = (
				9A5B90FC1AC6A51200916614 /* WebViewBottomMenu.xib in Resources */,
				9A4209261ADD4CBB007BD6CD /* SettingViewController.xib in Resources */,
				9A5B91041AC7CD0300916614 /* script.js in Resources */,
				9A9DF0CD1A4FA315008749D5 /* Main.storyboard in Resources */,
				9A9DF0ED1A4FDF99008749D5 /* Cell.xib in Resources */,
				9A4209241ADD4566007BD6CD /* SettingCell.xib in Resources */,
				9A9DF0D21A4FA315008749D5 /* LaunchScreen.xib in Resources */,
				9A947C401A50D2D100E33966 /* WebViewController.xib in Resources */,
				9A5B90F81AC64DA300916614 /* ArticleViewController.xib in Resources */,
				9A9DF0CF1A4FA315008749D5 /* Images.xcassets in Resources */,
			);
			runOnlyForDeploymentPostprocessing = 0;
		};
		9A9DF0D51A4FA315008749D5 /* Resources */ = {
			isa = PBXResourcesBuildPhase;
			buildActionMask = 2147483647;
			files = (
			);
			runOnlyForDeploymentPostprocessing = 0;
		};
/* End PBXResourcesBuildPhase section */

/* Begin PBXShellScriptBuildPhase section */
		3E70E49AEE77A92896412648 /* Embed Pods Frameworks */ = {
			isa = PBXShellScriptBuildPhase;
			buildActionMask = 2147483647;
			files = (
			);
			inputPaths = (
			);
			name = "Embed Pods Frameworks";
			outputPaths = (
			);
			runOnlyForDeploymentPostprocessing = 0;
			shellPath = /bin/sh;
			shellScript = "\"${SRCROOT}/Pods/Target Support Files/Pods/Pods-frameworks.sh\"\n";
			showEnvVarsInLog = 0;
		};
		A72DB2509BB7AAF75EF49482 /* Check Pods Manifest.lock */ = {
			isa = PBXShellScriptBuildPhase;
			buildActionMask = 2147483647;
			files = (
			);
			inputPaths = (
			);
			name = "Check Pods Manifest.lock";
			outputPaths = (
			);
			runOnlyForDeploymentPostprocessing = 0;
			shellPath = /bin/sh;
			shellScript = "diff \"${PODS_ROOT}/../Podfile.lock\" \"${PODS_ROOT}/Manifest.lock\" > /dev/null\nif [[ $? != 0 ]] ; then\n    cat << EOM\nerror: The sandbox is not in sync with the Podfile.lock. Run 'pod install' or update your CocoaPods installation.\nEOM\n    exit 1\nfi\n";
			showEnvVarsInLog = 0;
		};
		FC0F3C6B841B2B543BC44394 /* Copy Pods Resources */ = {
			isa = PBXShellScriptBuildPhase;
			buildActionMask = 2147483647;
			files = (
			);
			inputPaths = (
			);
			name = "Copy Pods Resources";
			outputPaths = (
			);
			runOnlyForDeploymentPostprocessing = 0;
			shellPath = /bin/sh;
			shellScript = "\"${SRCROOT}/Pods/Target Support Files/Pods/Pods-resources.sh\"\n";
			showEnvVarsInLog = 0;
		};
/* End PBXShellScriptBuildPhase section */

/* Begin PBXSourcesBuildPhase section */
		9A9DF0BE1A4FA315008749D5 /* Sources */ = {
			isa = PBXSourcesBuildPhase;
			buildActionMask = 2147483647;
			files = (
				9A9DF0E91A4FC527008749D5 /* Entry.swift in Sources */,
				9A9DF0EC1A4FDF99008749D5 /* Cell.swift in Sources */,
				9A5B91011AC7A22A00916614 /* HexColor.swift in Sources */,
				9AF29B3A1AE52D0B00E5BB0B /* siteName.swift in Sources */,
				9A4209201ADD44A8007BD6CD /* SettingViewController.swift in Sources */,
				9A4209231ADD4566007BD6CD /* SettingCell.swift in Sources */,
				9A36D25A1AC1911600E5DCC1 /* json.swift in Sources */,
				9A36D25C1AC1915D00E5DCC1 /* JsonParserManager.swift in Sources */,
				9A5B90F71AC64DA300916614 /* ArticleViewController.swift in Sources */,
				9A9DF0CA1A4FA315008749D5 /* ViewController.swift in Sources */,
				9A947C3F1A50D2D100E33966 /* WebViewController.swift in Sources */,
				9A9DF0C81A4FA315008749D5 /* AppDelegate.swift in Sources */,
				9AD11F6A1AC2E8E500481308 /* CAPSPageMenu.swift in Sources */,
				9A5B90FE1AC6A52B00916614 /* WebViewBottomMenu.swift in Sources */,
				9A9B59AC1ACBFA8A0023F8C9 /* URL.swift in Sources */,
			);
			runOnlyForDeploymentPostprocessing = 0;
		};
		9A9DF0D31A4FA315008749D5 /* Sources */ = {
			isa = PBXSourcesBuildPhase;
			buildActionMask = 2147483647;
			files = (
				9A9DF0DE1A4FA315008749D5 /* BlogReaderTests.swift in Sources */,
			);
			runOnlyForDeploymentPostprocessing = 0;
		};
/* End PBXSourcesBuildPhase section */

/* Begin PBXTargetDependency section */
		9A9DF0D91A4FA315008749D5 /* PBXTargetDependency */ = {
			isa = PBXTargetDependency;
			target = 9A9DF0C11A4FA315008749D5 /* BlogReader */;
			targetProxy = 9A9DF0D81A4FA315008749D5 /* PBXContainerItemProxy */;
		};
/* End PBXTargetDependency section */

/* Begin PBXVariantGroup section */
		9A9DF0CB1A4FA315008749D5 /* Main.storyboard */ = {
			isa = PBXVariantGroup;
			children = (
				9A9DF0CC1A4FA315008749D5 /* Base */,
			);
			name = Main.storyboard;
			sourceTree = "<group>";
		};
		9A9DF0D01A4FA315008749D5 /* LaunchScreen.xib */ = {
			isa = PBXVariantGroup;
			children = (
				9A9DF0D11A4FA315008749D5 /* Base */,
			);
			name = LaunchScreen.xib;
			sourceTree = "<group>";
		};
/* End PBXVariantGroup section */

/* Begin XCBuildConfiguration section */
		9A9DF0DF1A4FA315008749D5 /* Debug */ = {
			isa = XCBuildConfiguration;
			buildSettings = {
				ALWAYS_SEARCH_USER_PATHS = NO;
				CLANG_CXX_LANGUAGE_STANDARD = "gnu++0x";
				CLANG_CXX_LIBRARY = "libc++";
				CLANG_ENABLE_MODULES = YES;
				CLANG_ENABLE_OBJC_ARC = YES;
				CLANG_WARN_BOOL_CONVERSION = YES;
				CLANG_WARN_CONSTANT_CONVERSION = YES;
				CLANG_WARN_DIRECT_OBJC_ISA_USAGE = YES_ERROR;
				CLANG_WARN_EMPTY_BODY = YES;
				CLANG_WARN_ENUM_CONVERSION = YES;
				CLANG_WARN_INT_CONVERSION = YES;
				CLANG_WARN_OBJC_ROOT_CLASS = YES_ERROR;
				CLANG_WARN_UNREACHABLE_CODE = YES;
				CLANG_WARN__DUPLICATE_METHOD_MATCH = YES;
				CODE_SIGN_IDENTITY = "iPhone Developer: Naoya Sugimoto (5JW3B2ZP2Q)";
				"CODE_SIGN_IDENTITY[sdk=iphoneos*]" = "iPhone Developer: Naoya Sugimoto (5JW3B2ZP2Q)";
				COPY_PHASE_STRIP = NO;
				ENABLE_STRICT_OBJC_MSGSEND = YES;
				ENABLE_TESTABILITY = YES;
				GCC_C_LANGUAGE_STANDARD = gnu99;
				GCC_DYNAMIC_NO_PIC = NO;
				GCC_OPTIMIZATION_LEVEL = 0;
				GCC_PREPROCESSOR_DEFINITIONS = (
					"DEBUG=1",
					"$(inherited)",
				);
				GCC_SYMBOLS_PRIVATE_EXTERN = NO;
				GCC_WARN_64_TO_32_BIT_CONVERSION = YES;
				GCC_WARN_ABOUT_RETURN_TYPE = YES_ERROR;
				GCC_WARN_UNDECLARED_SELECTOR = YES;
				GCC_WARN_UNINITIALIZED_AUTOS = YES_AGGRESSIVE;
				GCC_WARN_UNUSED_FUNCTION = YES;
				GCC_WARN_UNUSED_VARIABLE = YES;
				IPHONEOS_DEPLOYMENT_TARGET = 8.1;
				MTL_ENABLE_DEBUG_INFO = YES;
				ONLY_ACTIVE_ARCH = YES;
				PROVISIONING_PROFILE = "45fc931b-c0f6-4f08-8f6a-4638eb287647";
				SDKROOT = iphoneos;
				SWIFT_OPTIMIZATION_LEVEL = "-Onone";
			};
			name = Debug;
		};
		9A9DF0E01A4FA315008749D5 /* Release */ = {
			isa = XCBuildConfiguration;
			buildSettings = {
				ALWAYS_SEARCH_USER_PATHS = NO;
				CLANG_CXX_LANGUAGE_STANDARD = "gnu++0x";
				CLANG_CXX_LIBRARY = "libc++";
				CLANG_ENABLE_MODULES = YES;
				CLANG_ENABLE_OBJC_ARC = YES;
				CLANG_WARN_BOOL_CONVERSION = YES;
				CLANG_WARN_CONSTANT_CONVERSION = YES;
				CLANG_WARN_DIRECT_OBJC_ISA_USAGE = YES_ERROR;
				CLANG_WARN_EMPTY_BODY = YES;
				CLANG_WARN_ENUM_CONVERSION = YES;
				CLANG_WARN_INT_CONVERSION = YES;
				CLANG_WARN_OBJC_ROOT_CLASS = YES_ERROR;
				CLANG_WARN_UNREACHABLE_CODE = YES;
				CLANG_WARN__DUPLICATE_METHOD_MATCH = YES;
				CODE_SIGN_IDENTITY = "iPhone Developer: Naoya Sugimoto (5JW3B2ZP2Q)";
				"CODE_SIGN_IDENTITY[sdk=iphoneos*]" = "iPhone Developer: Naoya Sugimoto (5JW3B2ZP2Q)";
				COPY_PHASE_STRIP = YES;
				ENABLE_NS_ASSERTIONS = NO;
				ENABLE_STRICT_OBJC_MSGSEND = YES;
				GCC_C_LANGUAGE_STANDARD = gnu99;
				GCC_WARN_64_TO_32_BIT_CONVERSION = YES;
				GCC_WARN_ABOUT_RETURN_TYPE = YES_ERROR;
				GCC_WARN_UNDECLARED_SELECTOR = YES;
				GCC_WARN_UNINITIALIZED_AUTOS = YES_AGGRESSIVE;
				GCC_WARN_UNUSED_FUNCTION = YES;
				GCC_WARN_UNUSED_VARIABLE = YES;
				IPHONEOS_DEPLOYMENT_TARGET = 8.1;
				MTL_ENABLE_DEBUG_INFO = NO;
				PROVISIONING_PROFILE = "45fc931b-c0f6-4f08-8f6a-4638eb287647";
				SDKROOT = iphoneos;
				VALIDATE_PRODUCT = YES;
			};
			name = Release;
		};
		9A9DF0E21A4FA315008749D5 /* Debug */ = {
			isa = XCBuildConfiguration;
			baseConfigurationReference = A8F3251B7566C6A323550142 /* Pods.debug.xcconfig */;
			buildSettings = {
				ASSETCATALOG_COMPILER_APPICON_NAME = AppIcon;
				ASSETCATALOG_COMPILER_LAUNCHIMAGE_NAME = LaunchImage;
				CLANG_ENABLE_MODULES = YES;
				CODE_SIGN_IDENTITY = "iPhone Developer: Naoya Sugimoto (5JW3B2ZP2Q)";
				INFOPLIST_FILE = BlogReader/Info.plist;
				IPHONEOS_DEPLOYMENT_TARGET = 8.4;
				LD_RUNPATH_SEARCH_PATHS = "$(inherited) @executable_path/Frameworks";
				ONLY_ACTIVE_ARCH = YES;
				PRODUCT_BUNDLE_IDENTIFIER = com.naoyashiga.BlogReader;
				PRODUCT_NAME = "$(TARGET_NAME)";
				PROVISIONING_PROFILE = "45fc931b-c0f6-4f08-8f6a-4638eb287647";
				SWIFT_OBJC_BRIDGING_HEADER = "BlogReader/BlogReader-Bridging-Header.h";
				SWIFT_OPTIMIZATION_LEVEL = "-Onone";
				TARGETED_DEVICE_FAMILY = 1;
			};
			name = Debug;
		};
		9A9DF0E31A4FA315008749D5 /* Release */ = {
			isa = XCBuildConfiguration;
			baseConfigurationReference = 21A0CB1ECF9CB652CC79E093 /* Pods.release.xcconfig */;
			buildSettings = {
				ASSETCATALOG_COMPILER_APPICON_NAME = AppIcon;
				ASSETCATALOG_COMPILER_LAUNCHIMAGE_NAME = LaunchImage;
				CLANG_ENABLE_MODULES = YES;
				CODE_SIGN_IDENTITY = "iPhone Developer: Naoya Sugimoto (5JW3B2ZP2Q)";
				INFOPLIST_FILE = BlogReader/Info.plist;
				IPHONEOS_DEPLOYMENT_TARGET = 8.4;
				LD_RUNPATH_SEARCH_PATHS = "$(inherited) @executable_path/Frameworks";
				ONLY_ACTIVE_ARCH = YES;
				PRODUCT_BUNDLE_IDENTIFIER = com.naoyashiga.BlogReader;
				PRODUCT_NAME = "$(TARGET_NAME)";
				PROVISIONING_PROFILE = "45fc931b-c0f6-4f08-8f6a-4638eb287647";
				SWIFT_OBJC_BRIDGING_HEADER = "BlogReader/BlogReader-Bridging-Header.h";
				TARGETED_DEVICE_FAMILY = 1;
			};
			name = Release;
		};
		9A9DF0E51A4FA315008749D5 /* Debug */ = {
			isa = XCBuildConfiguration;
			buildSettings = {
				BUNDLE_LOADER = "$(TEST_HOST)";
				CODE_SIGN_IDENTITY = "iPhone Developer: Naoya Sugimoto (5JW3B2ZP2Q)";
				FRAMEWORK_SEARCH_PATHS = (
					"$(SDKROOT)/Developer/Library/Frameworks",
					"$(inherited)",
				);
				GCC_PREPROCESSOR_DEFINITIONS = (
					"DEBUG=1",
					"$(inherited)",
				);
				INFOPLIST_FILE = BlogReaderTests/Info.plist;
				LD_RUNPATH_SEARCH_PATHS = "$(inherited) @executable_path/Frameworks @loader_path/Frameworks";
				PRODUCT_BUNDLE_IDENTIFIER = com.naoyashiga.BlogReader;
				PRODUCT_NAME = "$(TARGET_NAME)";
				PROVISIONING_PROFILE = "241cce84-688b-4b85-bc9c-657a72d6aeb1";
				TEST_HOST = "$(BUILT_PRODUCTS_DIR)/BlogReader.app/BlogReader";
			};
			name = Debug;
		};
		9A9DF0E61A4FA315008749D5 /* Release */ = {
			isa = XCBuildConfiguration;
			buildSettings = {
				BUNDLE_LOADER = "$(TEST_HOST)";
				CODE_SIGN_IDENTITY = "iPhone Developer: Naoya Sugimoto (5JW3B2ZP2Q)";
				FRAMEWORK_SEARCH_PATHS = (
					"$(SDKROOT)/Developer/Library/Frameworks",
					"$(inherited)",
				);
				INFOPLIST_FILE = BlogReaderTests/Info.plist;
				LD_RUNPATH_SEARCH_PATHS = "$(inherited) @executable_path/Frameworks @loader_path/Frameworks";
				PRODUCT_BUNDLE_IDENTIFIER = com.naoyashiga.BlogReader;
				PRODUCT_NAME = "$(TARGET_NAME)";
				PROVISIONING_PROFILE = "241cce84-688b-4b85-bc9c-657a72d6aeb1";
				TEST_HOST = "$(BUILT_PRODUCTS_DIR)/BlogReader.app/BlogReader";
			};
			name = Release;
		};
/* End XCBuildConfiguration section */

/* Begin XCConfigurationList section */
		9A9DF0BD1A4FA315008749D5 /* Build configuration list for PBXProject "BlogReader" */ = {
			isa = XCConfigurationList;
			buildConfigurations = (
				9A9DF0DF1A4FA315008749D5 /* Debug */,
				9A9DF0E01A4FA315008749D5 /* Release */,
			);
			defaultConfigurationIsVisible = 0;
			defaultConfigurationName = Release;
		};
		9A9DF0E11A4FA315008749D5 /* Build configuration list for PBXNativeTarget "BlogReader" */ = {
			isa = XCConfigurationList;
			buildConfigurations = (
				9A9DF0E21A4FA315008749D5 /* Debug */,
				9A9DF0E31A4FA315008749D5 /* Release */,
			);
			defaultConfigurationIsVisible = 0;
			defaultConfigurationName = Release;
		};
		9A9DF0E41A4FA315008749D5 /* Build configuration list for PBXNativeTarget "BlogReaderTests" */ = {
			isa = XCConfigurationList;
			buildConfigurations = (
				9A9DF0E51A4FA315008749D5 /* Debug */,
				9A9DF0E61A4FA315008749D5 /* Release */,
			);
			defaultConfigurationIsVisible = 0;
			defaultConfigurationName = Release;
		};
/* End XCConfigurationList section */
	};
	rootObject = 9A9DF0BA1A4FA315008749D5 /* Project object */;
}
